
Microsoft Visual Studio Solution File, Format Version 12.00
# Visual Studio Version 17
VisualStudioVersion = 17.1.32210.238
MinimumVisualStudioVersion = 10.0.40219.1
Project("{FAE04EC0-301F-11D3-BF4B-00C04F79EFBC}") = "APIforVisualRiders", "APIforVisualRiders\APIforVisualRiders.csproj", "{21BC234C-BE08-445A-AB98-FA4B6C0BC506}"
EndProject
Global
	GlobalSection(SolutionConfigurationPlatforms) = preSolution
		Debug|Any CPU = Debug|Any CPU
		Release|Any CPU = Release|Any CPU
	EndGlobalSection
	GlobalSection(ProjectConfigurationPlatforms) = postSolution
		{21BC234C-BE08-445A-AB98-FA4B6C0BC506}.Debug|Any CPU.ActiveCfg = Debug|Any CPU
		{21BC234C-BE08-445A-AB98-FA4B6C0BC506}.Debug|Any CPU.Build.0 = Debug|Any CPU
		{21BC234C-BE08-445A-AB98-FA4B6C0BC506}.Release|Any CPU.ActiveCfg = Release|Any CPU
		{21BC234C-BE08-445A-AB98-FA4B6C0BC506}.Release|Any CPU.Build.0 = Release|Any CPU
	EndGlobalSection
	GlobalSection(SolutionProperties) = preSolution
		HideSolutionNode = FALSE
	EndGlobalSection
	GlobalSection(ExtensibilityGlobals) = postSolution
		SolutionGuid = {A3AE8F9C-A23F-4525-B63A-9E03585FF474}
	EndGlobalSection
EndGlobal
